
Microsoft Visual Studio Solution File, Format Version 10.00
# Visual Studio 2008
Project("{FAE04EC0-301F-11D3-BF4B-00C04F79EFBC}") = "Labirynt", "Labirynt\Labirynt.csproj", "{F1B6B5DF-97C6-4B79-9B33-4D1A72DD102D}"
EndProject
Global
	GlobalSection(SolutionConfigurationPlatforms) = preSolution
		Debug|Any CPU = Debug|Any CPU
		Debug|x86 = Debug|x86
		Release|Any CPU = Release|Any CPU
		Release|x86 = Release|x86
	EndGlobalSection
	GlobalSection(ProjectConfigurationPlatforms) = postSolution
		{F1B6B5DF-97C6-4B79-9B33-4D1A72DD102D}.Debug|Any CPU.ActiveCfg = Debug|Any CPU
		{F1B6B5DF-97C6-4B79-9B33-4D1A72DD102D}.Debug|Any CPU.Build.0 = Debug|Any CPU
		{F1B6B5DF-97C6-4B79-9B33-4D1A72DD102D}.Debug|x86.ActiveCfg = Debug|Any CPU
		{F1B6B5DF-97C6-4B79-9B33-4D1A72DD102D}.Debug|x86.Build.0 = Debug|Any CPU
		{F1B6B5DF-97C6-4B79-9B33-4D1A72DD102D}.Release|Any CPU.ActiveCfg = Release|Any CPU
		{F1B6B5DF-97C6-4B79-9B33-4D1A72DD102D}.Release|Any CPU.Build.0 = Release|Any CPU
		{F1B6B5DF-97C6-4B79-9B33-4D1A72DD102D}.Release|x86.ActiveCfg = Release|x86
		{F1B6B5DF-97C6-4B79-9B33-4D1A72DD102D}.Release|x86.Build.0 = Release|x86
	EndGlobalSection
	GlobalSection(SolutionProperties) = preSolution
		HideSolutionNode = FALSE
	EndGlobalSection
EndGlobal
